
Microsoft Visual Studio Solution File, Format Version 12.00
# Visual Studio 15
VisualStudioVersion = 15.0.28010.2003
MinimumVisualStudioVersion = 10.0.40219.1
Project("{FAE04EC0-301F-11D3-BF4B-00C04F79EFBC}") = "MyProgectCsharp", "MyProgectCsharp\MyProgectCsharp.csproj", "{07274794-0EB1-47CC-821D-0045FF9D7970}"
EndProject
Project("{FAE04EC0-301F-11D3-BF4B-00C04F79EFBC}") = "MyProjectCsharp.tests", "MyProjectCsharp.tests\MyProjectCsharp.tests.csproj", "{A584315C-E853-49B5-A788-A766C831CDBB}"
EndProject
Global
	GlobalSection(SolutionConfigurationPlatforms) = preSolution
		Debug|Any CPU = Debug|Any CPU
		Release|Any CPU = Release|Any CPU
	EndGlobalSection
	GlobalSection(ProjectConfigurationPlatforms) = postSolution
		{07274794-0EB1-47CC-821D-0045FF9D7970}.Debug|Any CPU.ActiveCfg = Debug|Any CPU
		{07274794-0EB1-47CC-821D-0045FF9D7970}.Debug|Any CPU.Build.0 = Debug|Any CPU
		{07274794-0EB1-47CC-821D-0045FF9D7970}.Release|Any CPU.ActiveCfg = Release|Any CPU
		{07274794-0EB1-47CC-821D-0045FF9D7970}.Release|Any CPU.Build.0 = Release|Any CPU
		{A584315C-E853-49B5-A788-A766C831CDBB}.Debug|Any CPU.ActiveCfg = Debug|Any CPU
		{A584315C-E853-49B5-A788-A766C831CDBB}.Debug|Any CPU.Build.0 = Debug|Any CPU
		{A584315C-E853-49B5-A788-A766C831CDBB}.Release|Any CPU.ActiveCfg = Release|Any CPU
		{A584315C-E853-49B5-A788-A766C831CDBB}.Release|Any CPU.Build.0 = Release|Any CPU
	EndGlobalSection
	GlobalSection(SolutionProperties) = preSolution
		HideSolutionNode = FALSE
	EndGlobalSection
	GlobalSection(ExtensibilityGlobals) = postSolution
		SolutionGuid = {98BE8DA2-E1DD-429A-9218-A99117595E6C}
	EndGlobalSection
EndGlobal
